<?xml version="1.0" encoding="UTF-8"?>
<CodeBlocks_project_file>
	<FileVersion major="1" minor="6"/>
	<Project>
		<Option title="TranslationUnitErrorDumper"/>
		<Option makefile_is_custom="1"/>
		<Option compiler="gcc"/>
		<Option virtualFolders="CMake Files\;CMake Files\..\;CMake Files\..\deps\;CMake Files\..\deps\deps-lib\;"/>
		<Build>
			<Target title="all">
				<Option working_dir="/home/estudio/CLionProjects/clava/TranslationUnitErrorDumper"/>
				<Option type="4"/>
				<MakeCommands>
					<Build command="/usr/bin/make -j8 -f &quot;/home/estudio/CLionProjects/clava/TranslationUnitErrorDumper/Makefile&quot;  VERBOSE=1 all"/>
					<CompileFile command="/usr/bin/make -j8 -f &quot;/home/estudio/CLionProjects/clava/TranslationUnitErrorDumper/Makefile&quot;  VERBOSE=1 &quot;$file&quot;"/>
					<Clean command="/usr/bin/make -j8 -f &quot;/home/estudio/CLionProjects/clava/TranslationUnitErrorDumper/Makefile&quot;  VERBOSE=1 clean"/>
					<DistClean command="/usr/bin/make -j8 -f &quot;/home/estudio/CLionProjects/clava/TranslationUnitErrorDumper/Makefile&quot;  VERBOSE=1 clean"/>
				</MakeCommands>
			</Target>
			<Target title="rebuild_cache">
				<Option working_dir="/home/estudio/CLionProjects/clava/TranslationUnitErrorDumper"/>
				<Option type="4"/>
				<MakeCommands>
					<Build command="/usr/bin/make -j8 -f &quot;/home/estudio/CLionProjects/clava/TranslationUnitErrorDumper/Makefile&quot;  VERBOSE=1 rebuild_cache"/>
					<CompileFile command="/usr/bin/make -j8 -f &quot;/home/estudio/CLionProjects/clava/TranslationUnitErrorDumper/Makefile&quot;  VERBOSE=1 &quot;$file&quot;"/>
					<Clean command="/usr/bin/make -j8 -f &quot;/home/estudio/CLionProjects/clava/TranslationUnitErrorDumper/Makefile&quot;  VERBOSE=1 clean"/>
					<DistClean command="/usr/bin/make -j8 -f &quot;/home/estudio/CLionProjects/clava/TranslationUnitErrorDumper/Makefile&quot;  VERBOSE=1 clean"/>
				</MakeCommands>
			</Target>
			<Target title="edit_cache">
				<Option working_dir="/home/estudio/CLionProjects/clava/TranslationUnitErrorDumper"/>
				<Option type="4"/>
				<MakeCommands>
					<Build command="/usr/bin/make -j8 -f &quot;/home/estudio/CLionProjects/clava/TranslationUnitErrorDumper/Makefile&quot;  VERBOSE=1 edit_cache"/>
					<CompileFile command="/usr/bin/make -j8 -f &quot;/home/estudio/CLionProjects/clava/TranslationUnitErrorDumper/Makefile&quot;  VERBOSE=1 &quot;$file&quot;"/>
					<Clean command="/usr/bin/make -j8 -f &quot;/home/estudio/CLionProjects/clava/TranslationUnitErrorDumper/Makefile&quot;  VERBOSE=1 clean"/>
					<DistClean command="/usr/bin/make -j8 -f &quot;/home/estudio/CLionProjects/clava/TranslationUnitErrorDumper/Makefile&quot;  VERBOSE=1 clean"/>
				</MakeCommands>
			</Target>
			<Target title="TranslationUnitErrorDumper">
				<Option output="/home/estudio/CLionProjects/clava/TranslationUnitErrorDumper/TranslationUnitErrorDumper" prefix_auto="0" extension_auto="0"/>
				<Option working_dir="/home/estudio/CLionProjects/clava/TranslationUnitErrorDumper"/>
				<Option object_output="./"/>
				<Option type="1"/>
				<Option compiler="gcc"/>
				<Compiler>
					<Add directory="/home/estudio/CLionProjects/clava/deps/deps-lib/../artifacts/llvm7-Linux-gcc5/src/include"/>
					<Add directory="/home/estudio/CLionProjects/clava/deps/deps-lib/../artifacts/llvm7-Linux-gcc5/build/include"/>
					<Add directory="/home/estudio/CLionProjects/clava/deps/deps-lib/../artifacts/llvm7-Linux-gcc5/src/tools/clang/include"/>
					<Add directory="/home/estudio/CLionProjects/clava/deps/deps-lib/../artifacts/llvm7-Linux-gcc5/build/tools/clang/include"/>
					<Add directory="/usr/include/c++/7"/>
					<Add directory="/usr/include/x86_64-linux-gnu/c++/7"/>
					<Add directory="/usr/include/c++/7/backward"/>
					<Add directory="/usr/lib/gcc/x86_64-linux-gnu/7/include"/>
					<Add directory="/usr/local/include"/>
					<Add directory="/usr/lib/gcc/x86_64-linux-gnu/7/include-fixed"/>
					<Add directory="/usr/include/x86_64-linux-gnu"/>
					<Add directory="/usr/include"/>
				</Compiler>
				<MakeCommands>
					<Build command="/usr/bin/make -j8 -f &quot;/home/estudio/CLionProjects/clava/TranslationUnitErrorDumper/Makefile&quot;  VERBOSE=1 TranslationUnitErrorDumper"/>
					<CompileFile command="/usr/bin/make -j8 -f &quot;/home/estudio/CLionProjects/clava/TranslationUnitErrorDumper/Makefile&quot;  VERBOSE=1 &quot;$file&quot;"/>
					<Clean command="/usr/bin/make -j8 -f &quot;/home/estudio/CLionProjects/clava/TranslationUnitErrorDumper/Makefile&quot;  VERBOSE=1 clean"/>
					<DistClean command="/usr/bin/make -j8 -f &quot;/home/estudio/CLionProjects/clava/TranslationUnitErrorDumper/Makefile&quot;  VERBOSE=1 clean"/>
				</MakeCommands>
			</Target>
			<Target title="TranslationUnitErrorDumper/fast">
				<Option output="/home/estudio/CLionProjects/clava/TranslationUnitErrorDumper/TranslationUnitErrorDumper" prefix_auto="0" extension_auto="0"/>
				<Option working_dir="/home/estudio/CLionProjects/clava/TranslationUnitErrorDumper"/>
				<Option object_output="./"/>
				<Option type="1"/>
				<Option compiler="gcc"/>
				<Compiler>
					<Add directory="/home/estudio/CLionProjects/clava/deps/deps-lib/../artifacts/llvm7-Linux-gcc5/src/include"/>
					<Add directory="/home/estudio/CLionProjects/clava/deps/deps-lib/../artifacts/llvm7-Linux-gcc5/build/include"/>
					<Add directory="/home/estudio/CLionProjects/clava/deps/deps-lib/../artifacts/llvm7-Linux-gcc5/src/tools/clang/include"/>
					<Add directory="/home/estudio/CLionProjects/clava/deps/deps-lib/../artifacts/llvm7-Linux-gcc5/build/tools/clang/include"/>
					<Add directory="/usr/include/c++/7"/>
					<Add directory="/usr/include/x86_64-linux-gnu/c++/7"/>
					<Add directory="/usr/include/c++/7/backward"/>
					<Add directory="/usr/lib/gcc/x86_64-linux-gnu/7/include"/>
					<Add directory="/usr/local/include"/>
					<Add directory="/usr/lib/gcc/x86_64-linux-gnu/7/include-fixed"/>
					<Add directory="/usr/include/x86_64-linux-gnu"/>
					<Add directory="/usr/include"/>
				</Compiler>
				<MakeCommands>
					<Build command="/usr/bin/make -j8 -f &quot;/home/estudio/CLionProjects/clava/TranslationUnitErrorDumper/Makefile&quot;  VERBOSE=1 TranslationUnitErrorDumper/fast"/>
					<CompileFile command="/usr/bin/make -j8 -f &quot;/home/estudio/CLionProjects/clava/TranslationUnitErrorDumper/Makefile&quot;  VERBOSE=1 &quot;$file&quot;"/>
					<Clean command="/usr/bin/make -j8 -f &quot;/home/estudio/CLionProjects/clava/TranslationUnitErrorDumper/Makefile&quot;  VERBOSE=1 clean"/>
					<DistClean command="/usr/bin/make -j8 -f &quot;/home/estudio/CLionProjects/clava/TranslationUnitErrorDumper/Makefile&quot;  VERBOSE=1 clean"/>
				</MakeCommands>
			</Target>
		</Build>
		<Unit filename="/home/estudio/CLionProjects/clava/TranslationUnitErrorDumper/DiagnosticAction.cpp">
			<Option target="TranslationUnitErrorDumper"/>
		</Unit>
		<Unit filename="/home/estudio/CLionProjects/clava/TranslationUnitErrorDumper/DiagnosticAction.h">
			<Option target="TranslationUnitErrorDumper"/>
		</Unit>
		<Unit filename="/home/estudio/CLionProjects/clava/TranslationUnitErrorDumper/main.cpp">
			<Option target="TranslationUnitErrorDumper"/>
		</Unit>
		<Unit filename="/home/estudio/CLionProjects/clava/TranslationUnitErrorDumper/CMakeLists.txt">
			<Option virtualFolder="CMake Files\"/>
		</Unit>
		<Unit filename="/home/estudio/CLionProjects/clava/TranslationUnitErrorDumper/../deps.cmake">
			<Option virtualFolder="CMake Files\..\"/>
		</Unit>
		<Unit filename="/home/estudio/CLionProjects/clava/TranslationUnitErrorDumper/../deps_config.cmake">
			<Option virtualFolder="CMake Files\..\"/>
		</Unit>
		<Unit filename="/home/estudio/CLionProjects/clava/TranslationUnitErrorDumper/../deps/Findllvm7.cmake">
			<Option virtualFolder="CMake Files\..\deps\"/>
		</Unit>
		<Unit filename="/home/estudio/CLionProjects/clava/TranslationUnitErrorDumper/../deps/deps-lib/DepsFindPackage.cmake">
			<Option virtualFolder="CMake Files\..\deps\deps-lib\"/>
		</Unit>
		<Unit filename="/home/estudio/CLionProjects/clava/TranslationUnitErrorDumper/../deps/deps-lib/DepsInit.cmake">
			<Option virtualFolder="CMake Files\..\deps\deps-lib\"/>
		</Unit>
		<Unit filename="/home/estudio/CLionProjects/clava/TranslationUnitErrorDumper/../deps/deps-lib/DepsResolve.cmake">
			<Option virtualFolder="CMake Files\..\deps\deps-lib\"/>
		</Unit>
		<Unit filename="/home/estudio/CLionProjects/clava/TranslationUnitErrorDumper/../deps/deps-lib/FindLibraries.cmake">
			<Option virtualFolder="CMake Files\..\deps\deps-lib\"/>
		</Unit>
		<Unit filename="/home/estudio/CLionProjects/clava/TranslationUnitErrorDumper/../deps/deps-lib/MakePackageTarget.cmake">
			<Option virtualFolder="CMake Files\..\deps\deps-lib\"/>
		</Unit>
	</Project>
</CodeBlocks_project_file>
